{
  "version": 1,
  "dependencies": {
    "net10.0": {
      "Impostor.Hazel": {
        "type": "Direct",
        "requested": "[1.0.1, )",
        "resolved": "1.0.1",
        "contentHash": "DFsZcOa9ptFEj8FCfK63L/bcJ9RUVRZUhUS0qkrmdSqkgeJRdvUOTWR1gKlqbaOJcSEvexAITC0QJEPnJUcI7Q==",
        "dependencies": {
          "Impostor.Hazel.Abstractions": "1.0.1",
          "Microsoft.Extensions.DependencyInjection.Abstractions": "8.0.0",
          "Microsoft.Extensions.ObjectPool": "8.0.0",
          "Serilog": "2.12.0"
        }
      },
      "Microsoft.Extensions.DependencyInjection": {
        "type": "Direct",
        "requested": "[10.0.12, )",
        "resolved": "10.0.12",
        "contentHash": "lXyK2O5GoYvfxW8eCFcD16JFbcoSTM1sJkAM0UHS1jZyl9NYMW64Tqm6OQFT0IDBjZi+xHt95/Zg+nxZhGFhZg==",
        "dependencies": {
          "Microsoft.Extensions.DependencyInjection.Abstractions": "10.0.12"
        }
      },
      "Pcap.Net.x64": {
        "type": "Direct",
        "requested": "[1.0.4.1, )",
        "resolved": "1.0.4.1",
        "contentHash": "8kyqaySh23tikkLMZW/DgI3uf+om3QCvvg1dj2h7O6nKHoz9G2j0OfIqozI8FvkymbcHei0JjeBcPP3/t6kAtA=="
      },
      "Impostor.Hazel.Abstractions": {
        "type": "Transitive",
        "resolved": "1.0.1",
        "contentHash": "de2bMj78xDXOWwyqQVk8o4vbZKGfAgOjnWnkKB1IGGovNtxLeBF8jy3wH5moTZB6juTnLf0ptkCDkRi8c2OcjA=="
      },
      "Microsoft.Extensions.DependencyInjection.Abstractions": {
        "type": "Transitive",
        "resolved": "10.0.12",
        "contentHash": "9/qymSh7hVDMGTGwrLz8MRp5zRyXy9adGDOs4HwRdnLil3oZGYuWeZjbmHgCQ9BL1qBroVfgUK3U/nb61617Cw=="
      },
      "Microsoft.Extensions.ObjectPool": {
        "type": "Transitive",
        "resolved": "8.0.0",
        "contentHash": "4pm+XgxSukskwjzDDfSjG4KNUIOdFF2VaqZZDtTzoyQMOVSnlV6ZM8a9aVu5dg9LVZTB//utzSc8fOi0b0Mb2Q=="
      },
      "Serilog": {
        "type": "Transitive",
        "resolved": "2.12.0",
        "contentHash": "xaiJLIdu6rYMKfQMYUZgTy8YK7SMZjB4Yk50C/u//Z4OsvxkUfSPJy4nknfvwAC34yr13q7kcyh4grbwhSxyZg=="
      }
    }
  }
}